
Microsoft Visual Studio Solution File, Format Version 12.00
# Visual Studio Version 17
VisualStudioVersion = 17.11.35303.130
MinimumVisualStudioVersion = 10.0.40219.1
Project("{2150E333-8FDC-42A3-9474-1A3956D46DE8}") = "Task0", "Task0", "{550D4173-9975-4330-AB64-747CADE1D3FE}"
EndProject
Project("{9A19103F-16F7-4668-BE54-9A1E7A4F7556}") = "Tyuiu.GulahmedovTE.Sprint1.Task0.V5", "Tyuiu.GulahmedovTE.Sprint1.Task0.V5\Tyuiu.GulahmedovTE.Sprint1.Task0.V5.csproj", "{9EF8F654-661A-4463-86A0-B51C523D8CFF}"
EndProject
Project("{9A19103F-16F7-4668-BE54-9A1E7A4F7556}") = "Tyuiu.GulahmedovTE.Sprint1.Task0.V5.Test", "Tyuiu.GulahmedovTE.Sprint1.Task0.V5.Test\Tyuiu.GulahmedovTE.Sprint1.Task0.V5.Test.csproj", "{1608C721-9B83-4D7E-A3C4-B1BF7C57D4D7}"
EndProject
Project("{9A19103F-16F7-4668-BE54-9A1E7A4F7556}") = "Tyuiu.GulahmedovTE.Sprint1.Task0.V5.Lib", "Tyuiu.GulahmedovTE.Sprint1.Task0.V5.Lib\Tyuiu.GulahmedovTE.Sprint1.Task0.V5.Lib.csproj", "{C2DAA44E-EDC1-4745-994B-91A6CDD6704C}"
EndProject
Project("{2150E333-8FDC-42A3-9474-1A3956D46DE8}") = "Task1", "Task1", "{2DB139B8-5897-4DED-9FF6-1F6D675B441B}"
EndProject
Project("{9A19103F-16F7-4668-BE54-9A1E7A4F7556}") = "Tyuiu.GulahmedovTE.Sprint1.Task1.V26.Lib", "Tyuiu.GulahmedovTE.Sprint1.Task1.V26.Lib\Tyuiu.GulahmedovTE.Sprint1.Task1.V26.Lib.csproj", "{8A62DFE9-04E2-4A6D-BB4C-E30160241127}"
EndProject
Project("{9A19103F-16F7-4668-BE54-9A1E7A4F7556}") = "Tyuiu.GulahmedovTE.Sprint1.Task1.V26", "Tyuiu.GulahmedovTE.Sprint1.Task1.V26\Tyuiu.GulahmedovTE.Sprint1.Task1.V26.csproj", "{6AAB52C3-378B-425C-8B65-E0520A1CCBC8}"
EndProject
Project("{9A19103F-16F7-4668-BE54-9A1E7A4F7556}") = "Tyuiu.GulahmedovTE.Sprint1.Task1.V26.Test", "Tyuiu.GulahmedovTE.Sprint1.Task1.V26.Test\Tyuiu.GulahmedovTE.Sprint1.Task1.V26.Test.csproj", "{1CB87DFD-B1BB-4825-A3A2-0E00325D0C04}"
EndProject
Project("{2150E333-8FDC-42A3-9474-1A3956D46DE8}") = "Task2", "Task2", "{E94E0C7F-691F-4128-A556-8BA106EBC2B0}"
EndProject
Project("{9A19103F-16F7-4668-BE54-9A1E7A4F7556}") = "Tyuiu.GulahmedovTE.Sprint1.Task2.V18.Test", "Tyuiu.GulahmedovTE.Sprint1.Task2.V18.Test\Tyuiu.GulahmedovTE.Sprint1.Task2.V18.Test.csproj", "{F6433323-93DA-4A9F-BD7C-2941D408C166}"
EndProject
Project("{9A19103F-16F7-4668-BE54-9A1E7A4F7556}") = "Tyuiu.GulahmedovTE.Sprint1.Task2.V18.Lib", "Tyuiu.GulahmedovTE.Sprint1.Task2.V18.Lib\Tyuiu.GulahmedovTE.Sprint1.Task2.V18.Lib.csproj", "{69C9BD8F-B3EF-4049-9BB5-A603CF2496E1}"
EndProject
Project("{9A19103F-16F7-4668-BE54-9A1E7A4F7556}") = "Tyuiu.GulahmedovTE.Sprint1.Task2.V18", "Tyuiu.GulahmedovTE.Sprint1.Task2.V18\Tyuiu.GulahmedovTE.Sprint1.Task2.V18.csproj", "{B54D10D9-C940-493F-884F-81172D8E3FCB}"
EndProject
Project("{2150E333-8FDC-42A3-9474-1A3956D46DE8}") = "Task3", "Task3", "{E9931110-F378-4A30-89D1-48E7057351B8}"
EndProject
Project("{9A19103F-16F7-4668-BE54-9A1E7A4F7556}") = "Tyuiu.GulahmedovTE.Sprint1.Task3.V4", "Tyuiu.GulahmedovTE.Sprint1.Task3.V4\Tyuiu.GulahmedovTE.Sprint1.Task3.V4.csproj", "{A957C0DD-DDE1-4608-A686-0743250B6710}"
EndProject
Project("{9A19103F-16F7-4668-BE54-9A1E7A4F7556}") = "Tyuiu.GulahmedovTE.Sprint1.Task3.V4.Lib", "Tyuiu.GulahmedovTE.Sprint1.Task3.V4.Lib\Tyuiu.GulahmedovTE.Sprint1.Task3.V4.Lib.csproj", "{43CE51CA-A1A5-4DBC-85F0-C15F6ED95FBE}"
EndProject
Project("{9A19103F-16F7-4668-BE54-9A1E7A4F7556}") = "Tyuiu.GulahmedovTE.Sprint1.Task3.V4.Test", "Tyuiu.GulahmedovTE.Sprint1.Task3.V4.Test\Tyuiu.GulahmedovTE.Sprint1.Task3.V4.Test.csproj", "{4404F747-F50F-4D61-9E1B-5936D60F906C}"
EndProject
Project("{2150E333-8FDC-42A3-9474-1A3956D46DE8}") = "Task4", "Task4", "{F3078FC9-745A-42F1-B649-F6D424E1977C}"
EndProject
Project("{9A19103F-16F7-4668-BE54-9A1E7A4F7556}") = "Tyuiu.GulahmedovTE.Sprint1.Task4.V4.Test", "Tyuiu.GulahmedovTE.Sprint1.Task4.V4.Test\Tyuiu.GulahmedovTE.Sprint1.Task4.V4.Test.csproj", "{23300786-80D5-4ABE-A727-CE2FA9D2B34D}"
EndProject
Project("{9A19103F-16F7-4668-BE54-9A1E7A4F7556}") = "Tyuiu.GulahmedovTE.Sprint1.Task4.V4.Lib", "Tyuiu.GulahmedovTE.Sprint1.Task4.V4.Lib\Tyuiu.GulahmedovTE.Sprint1.Task4.V4.Lib.csproj", "{90AC1A66-D145-4D7E-A7F3-8B49B07B5662}"
EndProject
Project("{9A19103F-16F7-4668-BE54-9A1E7A4F7556}") = "Tyuiu.GulahmedovTE.Sprint1.Task4.V4", "Tyuiu.GulahmedovTE.Sprint1.Task4.V4\Tyuiu.GulahmedovTE.Sprint1.Task4.V4.csproj", "{245BB60E-1F29-4F21-96B5-85B4F51032FF}"
EndProject
Project("{2150E333-8FDC-42A3-9474-1A3956D46DE8}") = "Task5", "Task5", "{663CBC3B-6A7D-4BD1-9D36-1B92DC8BCC86}"
EndProject
Project("{9A19103F-16F7-4668-BE54-9A1E7A4F7556}") = "Tyuiu.GulahmedovTE.Sprint1.Task5.V7.Test", "Tyuiu.GulahmedovTE.Sprint1.Task5.V7.Test\Tyuiu.GulahmedovTE.Sprint1.Task5.V7.Test.csproj", "{D6DB853D-03A1-4721-ADD6-ED3B92A035D8}"
EndProject
Project("{9A19103F-16F7-4668-BE54-9A1E7A4F7556}") = "Tyuiu.GulahmedovTE.Sprint1.Task5.V7", "Tyuiu.GulahmedovTE.Sprint1.Task5.V7\Tyuiu.GulahmedovTE.Sprint1.Task5.V7.csproj", "{0FE4EF5F-6AE4-40AF-83AD-7FFA709A2444}"
EndProject
Project("{9A19103F-16F7-4668-BE54-9A1E7A4F7556}") = "Tyuiu.GulahmedovTE.Sprint1.Task5.V7.Lib", "Tyuiu.GulahmedovTE.Sprint1.Task5.V7.Lib\Tyuiu.GulahmedovTE.Sprint1.Task5.V7.Lib.csproj", "{93865C6D-5B86-49E6-BA27-B9973C76E235}"
EndProject
Project("{2150E333-8FDC-42A3-9474-1A3956D46DE8}") = "Task6", "Task6", "{E2402BA8-68C6-4749-B5EA-F4C6499EB2D3}"
EndProject
Project("{FAE04EC0-301F-11D3-BF4B-00C04F79EFBC}") = "Tyuiu.GulahmedovTE.Sprint1.Task6.V6.Lib", "Tyuiu.GulahmedovTE.Sprint1.Task6.V6.Lib\Tyuiu.GulahmedovTE.Sprint1.Task6.V6.Lib.csproj", "{32F66890-BE37-495B-8AD8-912BFE4B2EF6}"
EndProject
Project("{FAE04EC0-301F-11D3-BF4B-00C04F79EFBC}") = "Tyuiu.GulahmedovTE.Sprint1.Task6.V6", "Tyuiu.GulahmedovTE.Sprint1.Task6.V6\Tyuiu.GulahmedovTE.Sprint1.Task6.V6.csproj", "{1C9B4D03-E729-4900-A3C6-BF26EE9F6462}"
EndProject
Project("{FAE04EC0-301F-11D3-BF4B-00C04F79EFBC}") = "Tyuiu.GulahmedovTE.Sprint1.Task6.V6.Test", "Tyuiu.GulahmedovTE.Sprint1.Task6.V6.Test\Tyuiu.GulahmedovTE.Sprint1.Task6.V6.Test.csproj", "{D58FF578-5D6F-4C7C-AE80-7CF05D1835DE}"
EndProject
Project("{2150E333-8FDC-42A3-9474-1A3956D46DE8}") = "Task7", "Task7", "{AFF4026E-98AB-4098-94E6-D2E9B125860B}"
EndProject
Project("{FAE04EC0-301F-11D3-BF4B-00C04F79EFBC}") = "Tyuiu.GulahmedovTE.Sprint1.Task7.V7.Test", "Tyuiu.GulahmedovTE.Sprint1.Task7.V7.Test\Tyuiu.GulahmedovTE.Sprint1.Task7.V7.Test.csproj", "{A5780C63-1895-45F7-BF33-CD72BEC9C70E}"
EndProject
Project("{FAE04EC0-301F-11D3-BF4B-00C04F79EFBC}") = "Tyuiu.GulahmedovTE.Sprint1.Task7.V7", "Tyuiu.GulahmedovTE.Sprint1.Task7.V7\Tyuiu.GulahmedovTE.Sprint1.Task7.V7.csproj", "{4C5D34AE-4133-4B37-A30D-CE2BF74B0D6B}"
EndProject
Project("{FAE04EC0-301F-11D3-BF4B-00C04F79EFBC}") = "Tyuiu.GulahmedovTE.Sprint1.Task7.V7.Lib", "Tyuiu.GulahmedovTE.Sprint1.Task7.V7.Lib\Tyuiu.GulahmedovTE.Sprint1.Task7.V7.Lib.csproj", "{681EAA30-142B-4C61-8DE6-4D9C3BAA7DC6}"
EndProject
Global
	GlobalSection(SolutionConfigurationPlatforms) = preSolution
		Debug|Any CPU = Debug|Any CPU
		Release|Any CPU = Release|Any CPU
	EndGlobalSection
	GlobalSection(ProjectConfigurationPlatforms) = postSolution
		{9EF8F654-661A-4463-86A0-B51C523D8CFF}.Debug|Any CPU.ActiveCfg = Debug|Any CPU
		{9EF8F654-661A-4463-86A0-B51C523D8CFF}.Debug|Any CPU.Build.0 = Debug|Any CPU
		{9EF8F654-661A-4463-86A0-B51C523D8CFF}.Release|Any CPU.ActiveCfg = Release|Any CPU
		{9EF8F654-661A-4463-86A0-B51C523D8CFF}.Release|Any CPU.Build.0 = Release|Any CPU
		{1608C721-9B83-4D7E-A3C4-B1BF7C57D4D7}.Debug|Any CPU.ActiveCfg = Debug|Any CPU
		{1608C721-9B83-4D7E-A3C4-B1BF7C57D4D7}.Debug|Any CPU.Build.0 = Debug|Any CPU
		{1608C721-9B83-4D7E-A3C4-B1BF7C57D4D7}.Release|Any CPU.ActiveCfg = Release|Any CPU
		{1608C721-9B83-4D7E-A3C4-B1BF7C57D4D7}.Release|Any CPU.Build.0 = Release|Any CPU
		{C2DAA44E-EDC1-4745-994B-91A6CDD6704C}.Debug|Any CPU.ActiveCfg = Debug|Any CPU
		{C2DAA44E-EDC1-4745-994B-91A6CDD6704C}.Debug|Any CPU.Build.0 = Debug|Any CPU
		{C2DAA44E-EDC1-4745-994B-91A6CDD6704C}.Release|Any CPU.ActiveCfg = Release|Any CPU
		{C2DAA44E-EDC1-4745-994B-91A6CDD6704C}.Release|Any CPU.Build.0 = Release|Any CPU
		{8A62DFE9-04E2-4A6D-BB4C-E30160241127}.Debug|Any CPU.ActiveCfg = Debug|Any CPU
		{8A62DFE9-04E2-4A6D-BB4C-E30160241127}.Debug|Any CPU.Build.0 = Debug|Any CPU
		{8A62DFE9-04E2-4A6D-BB4C-E30160241127}.Release|Any CPU.ActiveCfg = Release|Any CPU
		{8A62DFE9-04E2-4A6D-BB4C-E30160241127}.Release|Any CPU.Build.0 = Release|Any CPU
		{6AAB52C3-378B-425C-8B65-E0520A1CCBC8}.Debug|Any CPU.ActiveCfg = Debug|Any CPU
		{6AAB52C3-378B-425C-8B65-E0520A1CCBC8}.Debug|Any CPU.Build.0 = Debug|Any CPU
		{6AAB52C3-378B-425C-8B65-E0520A1CCBC8}.Release|Any CPU.ActiveCfg = Release|Any CPU
		{6AAB52C3-378B-425C-8B65-E0520A1CCBC8}.Release|Any CPU.Build.0 = Release|Any CPU
		{1CB87DFD-B1BB-4825-A3A2-0E00325D0C04}.Debug|Any CPU.ActiveCfg = Debug|Any CPU
		{1CB87DFD-B1BB-4825-A3A2-0E00325D0C04}.Debug|Any CPU.Build.0 = Debug|Any CPU
		{1CB87DFD-B1BB-4825-A3A2-0E00325D0C04}.Release|Any CPU.ActiveCfg = Release|Any CPU
		{1CB87DFD-B1BB-4825-A3A2-0E00325D0C04}.Release|Any CPU.Build.0 = Release|Any CPU
		{F6433323-93DA-4A9F-BD7C-2941D408C166}.Debug|Any CPU.ActiveCfg = Debug|Any CPU
		{F6433323-93DA-4A9F-BD7C-2941D408C166}.Debug|Any CPU.Build.0 = Debug|Any CPU
		{F6433323-93DA-4A9F-BD7C-2941D408C166}.Release|Any CPU.ActiveCfg = Release|Any CPU
		{F6433323-93DA-4A9F-BD7C-2941D408C166}.Release|Any CPU.Build.0 = Release|Any CPU
		{69C9BD8F-B3EF-4049-9BB5-A603CF2496E1}.Debug|Any CPU.ActiveCfg = Debug|Any CPU
		{69C9BD8F-B3EF-4049-9BB5-A603CF2496E1}.Debug|Any CPU.Build.0 = Debug|Any CPU
		{69C9BD8F-B3EF-4049-9BB5-A603CF2496E1}.Release|Any CPU.ActiveCfg = Release|Any CPU
		{69C9BD8F-B3EF-4049-9BB5-A603CF2496E1}.Release|Any CPU.Build.0 = Release|Any CPU
		{B54D10D9-C940-493F-884F-81172D8E3FCB}.Debug|Any CPU.ActiveCfg = Debug|Any CPU
		{B54D10D9-C940-493F-884F-81172D8E3FCB}.Debug|Any CPU.Build.0 = Debug|Any CPU
		{B54D10D9-C940-493F-884F-81172D8E3FCB}.Release|Any CPU.ActiveCfg = Release|Any CPU
		{B54D10D9-C940-493F-884F-81172D8E3FCB}.Release|Any CPU.Build.0 = Release|Any CPU
		{A957C0DD-DDE1-4608-A686-0743250B6710}.Debug|Any CPU.ActiveCfg = Debug|Any CPU
		{A957C0DD-DDE1-4608-A686-0743250B6710}.Debug|Any CPU.Build.0 = Debug|Any CPU
		{A957C0DD-DDE1-4608-A686-0743250B6710}.Release|Any CPU.ActiveCfg = Release|Any CPU
		{A957C0DD-DDE1-4608-A686-0743250B6710}.Release|Any CPU.Build.0 = Release|Any CPU
		{43CE51CA-A1A5-4DBC-85F0-C15F6ED95FBE}.Debug|Any CPU.ActiveCfg = Debug|Any CPU
		{43CE51CA-A1A5-4DBC-85F0-C15F6ED95FBE}.Debug|Any CPU.Build.0 = Debug|Any CPU
		{43CE51CA-A1A5-4DBC-85F0-C15F6ED95FBE}.Release|Any CPU.ActiveCfg = Release|Any CPU
		{43CE51CA-A1A5-4DBC-85F0-C15F6ED95FBE}.Release|Any CPU.Build.0 = Release|Any CPU
		{4404F747-F50F-4D61-9E1B-5936D60F906C}.Debug|Any CPU.ActiveCfg = Debug|Any CPU
		{4404F747-F50F-4D61-9E1B-5936D60F906C}.Debug|Any CPU.Build.0 = Debug|Any CPU
		{4404F747-F50F-4D61-9E1B-5936D60F906C}.Release|Any CPU.ActiveCfg = Release|Any CPU
		{4404F747-F50F-4D61-9E1B-5936D60F906C}.Release|Any CPU.Build.0 = Release|Any CPU
		{23300786-80D5-4ABE-A727-CE2FA9D2B34D}.Debug|Any CPU.ActiveCfg = Debug|Any CPU
		{23300786-80D5-4ABE-A727-CE2FA9D2B34D}.Debug|Any CPU.Build.0 = Debug|Any CPU
		{23300786-80D5-4ABE-A727-CE2FA9D2B34D}.Release|Any CPU.ActiveCfg = Release|Any CPU
		{23300786-80D5-4ABE-A727-CE2FA9D2B34D}.Release|Any CPU.Build.0 = Release|Any CPU
		{90AC1A66-D145-4D7E-A7F3-8B49B07B5662}.Debug|Any CPU.ActiveCfg = Debug|Any CPU
		{90AC1A66-D145-4D7E-A7F3-8B49B07B5662}.Debug|Any CPU.Build.0 = Debug|Any CPU
		{90AC1A66-D145-4D7E-A7F3-8B49B07B5662}.Release|Any CPU.ActiveCfg = Release|Any CPU
		{90AC1A66-D145-4D7E-A7F3-8B49B07B5662}.Release|Any CPU.Build.0 = Release|Any CPU
		{245BB60E-1F29-4F21-96B5-85B4F51032FF}.Debug|Any CPU.ActiveCfg = Debug|Any CPU
		{245BB60E-1F29-4F21-96B5-85B4F51032FF}.Debug|Any CPU.Build.0 = Debug|Any CPU
		{245BB60E-1F29-4F21-96B5-85B4F51032FF}.Release|Any CPU.ActiveCfg = Release|Any CPU
		{245BB60E-1F29-4F21-96B5-85B4F51032FF}.Release|Any CPU.Build.0 = Release|Any CPU
		{D6DB853D-03A1-4721-ADD6-ED3B92A035D8}.Debug|Any CPU.ActiveCfg = Debug|Any CPU
		{D6DB853D-03A1-4721-ADD6-ED3B92A035D8}.Debug|Any CPU.Build.0 = Debug|Any CPU
		{D6DB853D-03A1-4721-ADD6-ED3B92A035D8}.Release|Any CPU.ActiveCfg = Release|Any CPU
		{D6DB853D-03A1-4721-ADD6-ED3B92A035D8}.Release|Any CPU.Build.0 = Release|Any CPU
		{0FE4EF5F-6AE4-40AF-83AD-7FFA709A2444}.Debug|Any CPU.ActiveCfg = Debug|Any CPU
		{0FE4EF5F-6AE4-40AF-83AD-7FFA709A2444}.Debug|Any CPU.Build.0 = Debug|Any CPU
		{0FE4EF5F-6AE4-40AF-83AD-7FFA709A2444}.Release|Any CPU.ActiveCfg = Release|Any CPU
		{0FE4EF5F-6AE4-40AF-83AD-7FFA709A2444}.Release|Any CPU.Build.0 = Release|Any CPU
		{93865C6D-5B86-49E6-BA27-B9973C76E235}.Debug|Any CPU.ActiveCfg = Debug|Any CPU
		{93865C6D-5B86-49E6-BA27-B9973C76E235}.Debug|Any CPU.Build.0 = Debug|Any CPU
		{93865C6D-5B86-49E6-BA27-B9973C76E235}.Release|Any CPU.ActiveCfg = Release|Any CPU
		{93865C6D-5B86-49E6-BA27-B9973C76E235}.Release|Any CPU.Build.0 = Release|Any CPU
		{32F66890-BE37-495B-8AD8-912BFE4B2EF6}.Debug|Any CPU.ActiveCfg = Debug|Any CPU
		{32F66890-BE37-495B-8AD8-912BFE4B2EF6}.Debug|Any CPU.Build.0 = Debug|Any CPU
		{32F66890-BE37-495B-8AD8-912BFE4B2EF6}.Release|Any CPU.ActiveCfg = Release|Any CPU
		{32F66890-BE37-495B-8AD8-912BFE4B2EF6}.Release|Any CPU.Build.0 = Release|Any CPU
		{1C9B4D03-E729-4900-A3C6-BF26EE9F6462}.Debug|Any CPU.ActiveCfg = Debug|Any CPU
		{1C9B4D03-E729-4900-A3C6-BF26EE9F6462}.Debug|Any CPU.Build.0 = Debug|Any CPU
		{1C9B4D03-E729-4900-A3C6-BF26EE9F6462}.Release|Any CPU.ActiveCfg = Release|Any CPU
		{1C9B4D03-E729-4900-A3C6-BF26EE9F6462}.Release|Any CPU.Build.0 = Release|Any CPU
		{D58FF578-5D6F-4C7C-AE80-7CF05D1835DE}.Debug|Any CPU.ActiveCfg = Debug|Any CPU
		{D58FF578-5D6F-4C7C-AE80-7CF05D1835DE}.Debug|Any CPU.Build.0 = Debug|Any CPU
		{D58FF578-5D6F-4C7C-AE80-7CF05D1835DE}.Release|Any CPU.ActiveCfg = Release|Any CPU
		{D58FF578-5D6F-4C7C-AE80-7CF05D1835DE}.Release|Any CPU.Build.0 = Release|Any CPU
		{A5780C63-1895-45F7-BF33-CD72BEC9C70E}.Debug|Any CPU.ActiveCfg = Debug|Any CPU
		{A5780C63-1895-45F7-BF33-CD72BEC9C70E}.Debug|Any CPU.Build.0 = Debug|Any CPU
		{A5780C63-1895-45F7-BF33-CD72BEC9C70E}.Release|Any CPU.ActiveCfg = Release|Any CPU
		{A5780C63-1895-45F7-BF33-CD72BEC9C70E}.Release|Any CPU.Build.0 = Release|Any CPU
		{4C5D34AE-4133-4B37-A30D-CE2BF74B0D6B}.Debug|Any CPU.ActiveCfg = Debug|Any CPU
		{4C5D34AE-4133-4B37-A30D-CE2BF74B0D6B}.Debug|Any CPU.Build.0 = Debug|Any CPU
		{4C5D34AE-4133-4B37-A30D-CE2BF74B0D6B}.Release|Any CPU.ActiveCfg = Release|Any CPU
		{4C5D34AE-4133-4B37-A30D-CE2BF74B0D6B}.Release|Any CPU.Build.0 = Release|Any CPU
		{681EAA30-142B-4C61-8DE6-4D9C3BAA7DC6}.Debug|Any CPU.ActiveCfg = Debug|Any CPU
		{681EAA30-142B-4C61-8DE6-4D9C3BAA7DC6}.Debug|Any CPU.Build.0 = Debug|Any CPU
		{681EAA30-142B-4C61-8DE6-4D9C3BAA7DC6}.Release|Any CPU.ActiveCfg = Release|Any CPU
		{681EAA30-142B-4C61-8DE6-4D9C3BAA7DC6}.Release|Any CPU.Build.0 = Release|Any CPU
	EndGlobalSection
	GlobalSection(SolutionProperties) = preSolution
		HideSolutionNode = FALSE
	EndGlobalSection
	GlobalSection(NestedProjects) = preSolution
		{9EF8F654-661A-4463-86A0-B51C523D8CFF} = {550D4173-9975-4330-AB64-747CADE1D3FE}
		{1608C721-9B83-4D7E-A3C4-B1BF7C57D4D7} = {550D4173-9975-4330-AB64-747CADE1D3FE}
		{C2DAA44E-EDC1-4745-994B-91A6CDD6704C} = {550D4173-9975-4330-AB64-747CADE1D3FE}
		{8A62DFE9-04E2-4A6D-BB4C-E30160241127} = {2DB139B8-5897-4DED-9FF6-1F6D675B441B}
		{6AAB52C3-378B-425C-8B65-E0520A1CCBC8} = {2DB139B8-5897-4DED-9FF6-1F6D675B441B}
		{1CB87DFD-B1BB-4825-A3A2-0E00325D0C04} = {2DB139B8-5897-4DED-9FF6-1F6D675B441B}
		{F6433323-93DA-4A9F-BD7C-2941D408C166} = {E94E0C7F-691F-4128-A556-8BA106EBC2B0}
		{69C9BD8F-B3EF-4049-9BB5-A603CF2496E1} = {E94E0C7F-691F-4128-A556-8BA106EBC2B0}
		{B54D10D9-C940-493F-884F-81172D8E3FCB} = {E94E0C7F-691F-4128-A556-8BA106EBC2B0}
		{A957C0DD-DDE1-4608-A686-0743250B6710} = {E9931110-F378-4A30-89D1-48E7057351B8}
		{43CE51CA-A1A5-4DBC-85F0-C15F6ED95FBE} = {E9931110-F378-4A30-89D1-48E7057351B8}
		{4404F747-F50F-4D61-9E1B-5936D60F906C} = {E9931110-F378-4A30-89D1-48E7057351B8}
		{23300786-80D5-4ABE-A727-CE2FA9D2B34D} = {F3078FC9-745A-42F1-B649-F6D424E1977C}
		{90AC1A66-D145-4D7E-A7F3-8B49B07B5662} = {F3078FC9-745A-42F1-B649-F6D424E1977C}
		{245BB60E-1F29-4F21-96B5-85B4F51032FF} = {F3078FC9-745A-42F1-B649-F6D424E1977C}
		{D6DB853D-03A1-4721-ADD6-ED3B92A035D8} = {663CBC3B-6A7D-4BD1-9D36-1B92DC8BCC86}
		{0FE4EF5F-6AE4-40AF-83AD-7FFA709A2444} = {663CBC3B-6A7D-4BD1-9D36-1B92DC8BCC86}
		{93865C6D-5B86-49E6-BA27-B9973C76E235} = {663CBC3B-6A7D-4BD1-9D36-1B92DC8BCC86}
		{32F66890-BE37-495B-8AD8-912BFE4B2EF6} = {E2402BA8-68C6-4749-B5EA-F4C6499EB2D3}
		{1C9B4D03-E729-4900-A3C6-BF26EE9F6462} = {E2402BA8-68C6-4749-B5EA-F4C6499EB2D3}
		{D58FF578-5D6F-4C7C-AE80-7CF05D1835DE} = {E2402BA8-68C6-4749-B5EA-F4C6499EB2D3}
		{A5780C63-1895-45F7-BF33-CD72BEC9C70E} = {AFF4026E-98AB-4098-94E6-D2E9B125860B}
		{4C5D34AE-4133-4B37-A30D-CE2BF74B0D6B} = {AFF4026E-98AB-4098-94E6-D2E9B125860B}
		{681EAA30-142B-4C61-8DE6-4D9C3BAA7DC6} = {AFF4026E-98AB-4098-94E6-D2E9B125860B}
	EndGlobalSection
	GlobalSection(ExtensibilityGlobals) = postSolution
		SolutionGuid = {B3700312-0AB0-4FAD-B45E-EE2B48128F14}
	EndGlobalSection
EndGlobal
